{
  "originHash" : "ef05499a08b481fdf141b9842cf2358ab22e53ef0135e53562919621b1d56484",
  "pins" : [
    {
      "identity" : "capacitor-swift-pm",
      "kind" : "remoteSourceControl",
      "location" : "https://github.com/ionic-team/capacitor-swift-pm.git",
      "state" : {
        "revision" : "44ae2505f54a80c5e559533950886d0644fc2fca",
        "version" : "8.4.0"
      }
    },
    {
      "identity" : "onesignal-xcframework",
      "kind" : "remoteSourceControl",
      "location" : "https://github.com/OneSignal/OneSignal-XCFramework",
      "state" : {
        "revision" : "af871d3492e3dd233eb456b550aa53ce33d26c2d",
        "version" : "5.5.3"
      }
    }
  ],
  "version" : 3
}
